{
    "requires": true,
    "lockfileVersion": 1,
    "dependencies": {
        "adapt-contrib-accordion": {
            "version": "git+https://github.com/olivermartinfoster/adapt-contrib-accordion.git#c1fdd1a44e0e113fa9aef83daa6b5bbaad65ebec",
            "from": "git+https://github.com/olivermartinfoster/adapt-contrib-accordion.git"
        },
        "adapt-contrib-assessment": {
            "version": "git+https://github.com/olivermartinfoster/adapt-contrib-assessment.git#aba6c65b7ef8bc690ae7e695446177b11d127716",
            "from": "git+https://github.com/olivermartinfoster/adapt-contrib-assessment.git"
        },
        "adapt-contrib-assessmentResults": {
            "version": "git+https://github.com/olivermartinfoster/adapt-contrib-assessmentResults.git#2b801941164436f9f7f2ec598259861734f9cd6d",
            "from": "git+https://github.com/olivermartinfoster/adapt-contrib-assessmentResults.git"
        },
        "adapt-contrib-blank": {
            "version": "git+https://github.com/olivermartinfoster/adapt-contrib-blank.git#017d7fdc442fcfe78c3212bfbb1152600f1efec9",
            "from": "git+https://github.com/olivermartinfoster/adapt-contrib-blank.git"
        },
        "adapt-contrib-bookmarking": {
            "version": "git+https://github.com/olivermartinfoster/adapt-contrib-bookmarking.git#4d57ba04a63c78644d1a730ef170eda5d6a3f2ac",
            "from": "git+https://github.com/olivermartinfoster/adapt-contrib-bookmarking.git"
        },
        "adapt-contrib-boxMenu": {
            "version": "git+https://github.com/olivermartinfoster/adapt-contrib-boxMenu.git#51764258e5e9e749c4af0afed00c2b1589392068",
            "from": "git+https://github.com/olivermartinfoster/adapt-contrib-boxMenu.git"
        },
        "adapt-contrib-core": {
            "version": "git+https://github.com/olivermartinfoster/adapt-contrib-core.git#f60f23b580744238107721bfbd863d622ab5d33e",
            "from": "git+https://github.com/olivermartinfoster/adapt-contrib-core.git"
        },
        "adapt-contrib-gmcq": {
            "version": "git+https://github.com/olivermartinfoster/adapt-contrib-gmcq.git#73b1bed39be0676de4ecc0816067552ff977be53",
            "from": "git+https://github.com/olivermartinfoster/adapt-contrib-gmcq.git"
        },
        "adapt-contrib-graphic": {
            "version": "git+https://github.com/olivermartinfoster/adapt-contrib-graphic.git#dd2e4a1c553f1ede78ad9f72afa98cf0d00a7dac",
            "from": "git+https://github.com/olivermartinfoster/adapt-contrib-graphic.git"
        },
        "adapt-contrib-hotgraphic": {
            "version": "git+https://github.com/olivermartinfoster/adapt-contrib-hotgraphic.git#7050ae28cac6724d9ca2933ba094cb48b046859d",
            "from": "git+https://github.com/olivermartinfoster/adapt-contrib-hotgraphic.git"
        },
        "adapt-contrib-languagePicker": {
            "version": "git+https://github.com/olivermartinfoster/adapt-contrib-languagePicker.git#3da51de940914b990c728b54092775d416a0ccc5",
            "from": "git+https://github.com/olivermartinfoster/adapt-contrib-languagePicker.git"
        },
        "adapt-contrib-matching": {
            "version": "git+https://github.com/olivermartinfoster/adapt-contrib-matching.git#82b0108876332d613957c0490b4d161f23339317",
            "from": "git+https://github.com/olivermartinfoster/adapt-contrib-matching.git"
        },
        "adapt-contrib-mcq": {
            "version": "git+https://github.com/olivermartinfoster/adapt-contrib-mcq.git#28f581a4bed25052a232689b5d82a60e5d33f846",
            "from": "git+https://github.com/olivermartinfoster/adapt-contrib-mcq.git"
        },
        "adapt-contrib-media": {
            "version": "git+https://github.com/olivermartinfoster/adapt-contrib-media.git#86433eaebef969eb6be20ea225995f02399ba969",
            "from": "git+https://github.com/olivermartinfoster/adapt-contrib-media.git"
        },
        "adapt-contrib-narrative": {
            "version": "git+https://github.com/olivermartinfoster/adapt-contrib-narrative.git#e3eb6d18e9ccc7e569d026f5a2583cbdc2abfe72",
            "from": "git+https://github.com/olivermartinfoster/adapt-contrib-narrative.git"
        },
        "adapt-contrib-pageLevelProgress": {
            "version": "git+https://github.com/olivermartinfoster/adapt-contrib-pageLevelProgress.git#e5307fd01aa3334305159510c15f28b0bf48cd3f",
            "from": "git+https://github.com/olivermartinfoster/adapt-contrib-pageLevelProgress.git"
        },
        "adapt-contrib-resources": {
            "version": "git+https://github.com/olivermartinfoster/adapt-contrib-resources.git#5e50a77a4246714210351e5b15a4a74a84376268",
            "from": "git+https://github.com/olivermartinfoster/adapt-contrib-resources.git"
        },
        "adapt-contrib-slider": {
            "version": "git+https://github.com/olivermartinfoster/adapt-contrib-slider.git#c0c61c69077d3b285939c49c181bf858f6a2e7a5",
            "from": "git+https://github.com/olivermartinfoster/adapt-contrib-slider.git"
        },
        "adapt-contrib-spoor": {
            "version": "git+https://github.com/olivermartinfoster/adapt-contrib-spoor.git#3ef72c3a7e13f00a21e34f9602eb7596701ce30c",
            "from": "git+https://github.com/olivermartinfoster/adapt-contrib-spoor.git"
        },
        "adapt-contrib-text": {
            "version": "git+https://github.com/olivermartinfoster/adapt-contrib-text.git#4289866a207099ee64b127f8a55ea6d70c2cf291",
            "from": "git+https://github.com/olivermartinfoster/adapt-contrib-text.git"
        },
        "adapt-contrib-textInput": {
            "version": "git+https://github.com/olivermartinfoster/adapt-contrib-textInput.git#b04de705f89a67811816393bddb02ebff8b0f0f6",
            "from": "git+https://github.com/olivermartinfoster/adapt-contrib-textInput.git"
        },
        "adapt-contrib-trickle": {
            "version": "git+https://github.com/olivermartinfoster/adapt-contrib-trickle.git#0c3146e4e1f0892eb60f08f6bd54937ad1d60b14",
            "from": "git+https://github.com/olivermartinfoster/adapt-contrib-trickle.git"
        },
        "adapt-contrib-tutor": {
            "version": "git+https://github.com/olivermartinfoster/adapt-contrib-tutor.git#4fab1b65ccacb1f325e239e27e2b35e284616c89",
            "from": "git+https://github.com/olivermartinfoster/adapt-contrib-tutor.git"
        },
        "adapt-contrib-vanilla": {
            "version": "git+https://github.com/olivermartinfoster/adapt-contrib-vanilla.git#c4f9666f805baf965948078dc3cec127088f9ef8",
            "from": "git+https://github.com/olivermartinfoster/adapt-contrib-vanilla.git"
        }
    }
}
