{
    "requires": true,
    "lockfileVersion": 1,
    "dependencies": {
        "adapt-contrib-accordion": {
            "version": "github:olivermartinfoster/adapt-contrib-accordion#0e04dbf36c0c9d77969df48b442ff1e6407b2511",
            "from": "github:olivermartinfoster/adapt-contrib-accordion#issue/2824-jsx"
        },
        "adapt-contrib-assessment": {
            "version": "github:olivermartinfoster/adapt-contrib-assessment#aba6c65b7ef8bc690ae7e695446177b11d127716",
            "from": "github:olivermartinfoster/adapt-contrib-assessment"
        },
        "adapt-contrib-assessmentResults": {
            "version": "github:olivermartinfoster/adapt-contrib-assessmentResults#2b801941164436f9f7f2ec598259861734f9cd6d",
            "from": "github:olivermartinfoster/adapt-contrib-assessmentResults"
        },
        "adapt-contrib-blank": {
            "version": "github:olivermartinfoster/adapt-contrib-blank#017d7fdc442fcfe78c3212bfbb1152600f1efec9",
            "from": "github:olivermartinfoster/adapt-contrib-blank"
        },
        "adapt-contrib-bookmarking": {
            "version": "github:olivermartinfoster/adapt-contrib-bookmarking#4d57ba04a63c78644d1a730ef170eda5d6a3f2ac",
            "from": "github:olivermartinfoster/adapt-contrib-bookmarking"
        },
        "adapt-contrib-boxMenu": {
            "version": "github:olivermartinfoster/adapt-contrib-boxMenu#51764258e5e9e749c4af0afed00c2b1589392068",
            "from": "github:olivermartinfoster/adapt-contrib-boxMenu"
        },
        "adapt-contrib-core": {
            "version": "github:olivermartinfoster/adapt-contrib-core#4fe87003c8d048ac7e82c3df1066b22551115cc4",
            "from": "github:olivermartinfoster/adapt-contrib-core",
            "requires": {
                "html-react-parser": "^1.2.4",
                "react": "^17.0.1",
                "react-dom": "^17.0.1"
            }
        },
        "adapt-contrib-gmcq": {
            "version": "github:olivermartinfoster/adapt-contrib-gmcq#73b1bed39be0676de4ecc0816067552ff977be53",
            "from": "github:olivermartinfoster/adapt-contrib-gmcq"
        },
        "adapt-contrib-graphic": {
            "version": "github:olivermartinfoster/adapt-contrib-graphic#dd2e4a1c553f1ede78ad9f72afa98cf0d00a7dac",
            "from": "github:olivermartinfoster/adapt-contrib-graphic"
        },
        "adapt-contrib-hotgraphic": {
            "version": "github:olivermartinfoster/adapt-contrib-hotgraphic#7050ae28cac6724d9ca2933ba094cb48b046859d",
            "from": "github:olivermartinfoster/adapt-contrib-hotgraphic"
        },
        "adapt-contrib-languagePicker": {
            "version": "github:olivermartinfoster/adapt-contrib-languagePicker#3da51de940914b990c728b54092775d416a0ccc5",
            "from": "github:olivermartinfoster/adapt-contrib-languagePicker"
        },
        "adapt-contrib-matching": {
            "version": "github:olivermartinfoster/adapt-contrib-matching#82b0108876332d613957c0490b4d161f23339317",
            "from": "github:olivermartinfoster/adapt-contrib-matching"
        },
        "adapt-contrib-mcq": {
            "version": "github:olivermartinfoster/adapt-contrib-mcq#28f581a4bed25052a232689b5d82a60e5d33f846",
            "from": "github:olivermartinfoster/adapt-contrib-mcq"
        },
        "adapt-contrib-media": {
            "version": "github:olivermartinfoster/adapt-contrib-media#86433eaebef969eb6be20ea225995f02399ba969",
            "from": "github:olivermartinfoster/adapt-contrib-media"
        },
        "adapt-contrib-narrative": {
            "version": "github:olivermartinfoster/adapt-contrib-narrative#e3eb6d18e9ccc7e569d026f5a2583cbdc2abfe72",
            "from": "github:olivermartinfoster/adapt-contrib-narrative"
        },
        "adapt-contrib-pageLevelProgress": {
            "version": "github:olivermartinfoster/adapt-contrib-pageLevelProgress#e5307fd01aa3334305159510c15f28b0bf48cd3f",
            "from": "github:olivermartinfoster/adapt-contrib-pageLevelProgress"
        },
        "adapt-contrib-resources": {
            "version": "github:olivermartinfoster/adapt-contrib-resources#5e50a77a4246714210351e5b15a4a74a84376268",
            "from": "github:olivermartinfoster/adapt-contrib-resources"
        },
        "adapt-contrib-slider": {
            "version": "github:olivermartinfoster/adapt-contrib-slider#c0c61c69077d3b285939c49c181bf858f6a2e7a5",
            "from": "github:olivermartinfoster/adapt-contrib-slider"
        },
        "adapt-contrib-spoor": {
            "version": "github:olivermartinfoster/adapt-contrib-spoor#3ef72c3a7e13f00a21e34f9602eb7596701ce30c",
            "from": "github:olivermartinfoster/adapt-contrib-spoor"
        },
        "adapt-contrib-text": {
            "version": "github:olivermartinfoster/adapt-contrib-text#4289866a207099ee64b127f8a55ea6d70c2cf291",
            "from": "github:olivermartinfoster/adapt-contrib-text"
        },
        "adapt-contrib-textInput": {
            "version": "github:olivermartinfoster/adapt-contrib-textInput#b04de705f89a67811816393bddb02ebff8b0f0f6",
            "from": "github:olivermartinfoster/adapt-contrib-textInput"
        },
        "adapt-contrib-trickle": {
            "version": "github:olivermartinfoster/adapt-contrib-trickle#0c3146e4e1f0892eb60f08f6bd54937ad1d60b14",
            "from": "github:olivermartinfoster/adapt-contrib-trickle"
        },
        "adapt-contrib-tutor": {
            "version": "github:olivermartinfoster/adapt-contrib-tutor#4fab1b65ccacb1f325e239e27e2b35e284616c89",
            "from": "github:olivermartinfoster/adapt-contrib-tutor"
        },
        "adapt-contrib-vanilla": {
            "version": "github:olivermartinfoster/adapt-contrib-vanilla#c4f9666f805baf965948078dc3cec127088f9ef8",
            "from": "github:olivermartinfoster/adapt-contrib-vanilla"
        },
        "dom-serializer": {
            "version": "1.2.0",
            "resolved": "https://registry.npmjs.org/dom-serializer/-/dom-serializer-1.2.0.tgz",
            "integrity": "sha512-n6kZFH/KlCrqs/1GHMOd5i2fd/beQHuehKdWvNNffbGHTr/almdhuVvTVFb3V7fglz+nC50fFusu3lY33h12pA==",
            "requires": {
                "domelementtype": "^2.0.1",
                "domhandler": "^4.0.0",
                "entities": "^2.0.0"
            }
        },
        "domelementtype": {
            "version": "2.1.0",
            "resolved": "https://registry.npmjs.org/domelementtype/-/domelementtype-2.1.0.tgz",
            "integrity": "sha512-LsTgx/L5VpD+Q8lmsXSHW2WpA+eBlZ9HPf3erD1IoPF00/3JKHZ3BknUVA2QGDNu69ZNmyFmCWBSO45XjYKC5w=="
        },
        "domhandler": {
            "version": "4.0.0",
            "resolved": "https://registry.npmjs.org/domhandler/-/domhandler-4.0.0.tgz",
            "integrity": "sha512-KPTbnGQ1JeEMQyO1iYXoagsI6so/C96HZiFyByU3T6iAzpXn8EGEvct6unm1ZGoed8ByO2oirxgwxBmqKF9haA==",
            "requires": {
                "domelementtype": "^2.1.0"
            }
        },
        "domutils": {
            "version": "2.4.4",
            "resolved": "https://registry.npmjs.org/domutils/-/domutils-2.4.4.tgz",
            "integrity": "sha512-jBC0vOsECI4OMdD0GC9mGn7NXPLb+Qt6KW1YDQzeQYRUFKmNG8lh7mO5HiELfr+lLQE7loDVI4QcAxV80HS+RA==",
            "requires": {
                "dom-serializer": "^1.0.1",
                "domelementtype": "^2.0.1",
                "domhandler": "^4.0.0"
            }
        },
        "entities": {
            "version": "2.2.0",
            "resolved": "https://registry.npmjs.org/entities/-/entities-2.2.0.tgz",
            "integrity": "sha512-p92if5Nz619I0w+akJrLZH0MX0Pb5DX39XOwQTtXSdQQOaYH03S1uIQp4mhOZtAXrxq4ViO67YTiLBo2638o9A=="
        },
        "html-dom-parser": {
            "version": "1.0.0",
            "resolved": "https://registry.npmjs.org/html-dom-parser/-/html-dom-parser-1.0.0.tgz",
            "integrity": "sha512-1lKgZW6TccI5OMxRB+5+B3urj62oFB8bRx5cJPgOSHAPk9B5V+k2NM/2z7FuIwOgopnPP/KlgBMNnX/2nKy0lA==",
            "requires": {
                "domhandler": "4.0.0",
                "htmlparser2": "6.0.0"
            }
        },
        "html-react-parser": {
            "version": "1.2.4",
            "resolved": "https://registry.npmjs.org/html-react-parser/-/html-react-parser-1.2.4.tgz",
            "integrity": "sha512-56JaGqDmYSRKGTJw8lxfiFrfwYLHnyz3qaq/A0/RivjlguOEOMPvt5WuD1zAtAz9/Cr2OZZk2eGDOJUcAKLHcw==",
            "requires": {
                "html-dom-parser": "1.0.0",
                "react-property": "1.0.1",
                "style-to-js": "1.1.0"
            }
        },
        "htmlparser2": {
            "version": "6.0.0",
            "resolved": "https://registry.npmjs.org/htmlparser2/-/htmlparser2-6.0.0.tgz",
            "integrity": "sha512-numTQtDZMoh78zJpaNdJ9MXb2cv5G3jwUoe3dMQODubZvLoGvTE/Ofp6sHvH8OGKcN/8A47pGLi/k58xHP/Tfw==",
            "requires": {
                "domelementtype": "^2.0.1",
                "domhandler": "^4.0.0",
                "domutils": "^2.4.4",
                "entities": "^2.0.0"
            }
        },
        "inline-style-parser": {
            "version": "0.1.1",
            "resolved": "https://registry.npmjs.org/inline-style-parser/-/inline-style-parser-0.1.1.tgz",
            "integrity": "sha512-7NXolsK4CAS5+xvdj5OMMbI962hU/wvwoxk+LWR9Ek9bVtyuuYScDN6eS0rUm6TxApFpw7CX1o4uJzcd4AyD3Q=="
        },
        "js-tokens": {
            "version": "4.0.0",
            "resolved": "https://registry.npmjs.org/js-tokens/-/js-tokens-4.0.0.tgz",
            "integrity": "sha512-RdJUflcE3cUzKiMqQgsCu06FPu9UdIJO0beYbPhHN4k6apgJtifcoCtT9bcxOpYBtpD2kCM6Sbzg4CausW/PKQ=="
        },
        "loose-envify": {
            "version": "1.4.0",
            "resolved": "https://registry.npmjs.org/loose-envify/-/loose-envify-1.4.0.tgz",
            "integrity": "sha512-lyuxPGr/Wfhrlem2CL/UcnUc1zcqKAImBDzukY7Y5F/yQiNdko6+fRLevlw1HgMySw7f611UIY408EtxRSoK3Q==",
            "requires": {
                "js-tokens": "^3.0.0 || ^4.0.0"
            }
        },
        "object-assign": {
            "version": "4.1.1",
            "resolved": "https://registry.npmjs.org/object-assign/-/object-assign-4.1.1.tgz",
            "integrity": "sha1-IQmtx5ZYh8/AXLvUQsrIv7s2CGM="
        },
        "react": {
            "version": "17.0.1",
            "resolved": "https://registry.npmjs.org/react/-/react-17.0.1.tgz",
            "integrity": "sha512-lG9c9UuMHdcAexXtigOZLX8exLWkW0Ku29qPRU8uhF2R9BN96dLCt0psvzPLlHc5OWkgymP3qwTRgbnw5BKx3w==",
            "requires": {
                "loose-envify": "^1.1.0",
                "object-assign": "^4.1.1"
            }
        },
        "react-dom": {
            "version": "17.0.1",
            "resolved": "https://registry.npmjs.org/react-dom/-/react-dom-17.0.1.tgz",
            "integrity": "sha512-6eV150oJZ9U2t9svnsspTMrWNyHc6chX0KzDeAOXftRa8bNeOKTTfCJ7KorIwenkHd2xqVTBTCZd79yk/lx/Ug==",
            "requires": {
                "loose-envify": "^1.1.0",
                "object-assign": "^4.1.1",
                "scheduler": "^0.20.1"
            }
        },
        "react-property": {
            "version": "1.0.1",
            "resolved": "https://registry.npmjs.org/react-property/-/react-property-1.0.1.tgz",
            "integrity": "sha512-1tKOwxFn3dXVomH6pM9IkLkq2Y8oh+fh/lYW3MJ/B03URswUTqttgckOlbxY2XHF3vPG6uanSc4dVsLW/wk3wQ=="
        },
        "scheduler": {
            "version": "0.20.1",
            "resolved": "https://registry.npmjs.org/scheduler/-/scheduler-0.20.1.tgz",
            "integrity": "sha512-LKTe+2xNJBNxu/QhHvDR14wUXHRQbVY5ZOYpOGWRzhydZUqrLb2JBvLPY7cAqFmqrWuDED0Mjk7013SZiOz6Bw==",
            "requires": {
                "loose-envify": "^1.1.0",
                "object-assign": "^4.1.1"
            }
        },
        "style-to-js": {
            "version": "1.1.0",
            "resolved": "https://registry.npmjs.org/style-to-js/-/style-to-js-1.1.0.tgz",
            "integrity": "sha512-1OqefPDxGrlMwcbfpsTVRyzwdhr4W0uxYQzeA2F1CBc8WG04udg2+ybRnvh3XYL4TdHQrCahLtax2jc8xaE6rA==",
            "requires": {
                "style-to-object": "0.3.0"
            }
        },
        "style-to-object": {
            "version": "0.3.0",
            "resolved": "https://registry.npmjs.org/style-to-object/-/style-to-object-0.3.0.tgz",
            "integrity": "sha512-CzFnRRXhzWIdItT3OmF8SQfWyahHhjq3HwcMNCNLn+N7klOOqPjMeG/4JSu77D7ypZdGvSzvkrbyeTMizz2VrA==",
            "requires": {
                "inline-style-parser": "0.1.1"
            }
        }
    }
}
